
Microsoft Visual Studio Solution File, Format Version 12.00
Project("{FAE04EC0-301F-11D3-BF4B-00C04F79EFBC}") = "Protobuf", "Protobuf\Protobuf.csproj", "{556A3B12-541C-4959-B587-6AF5A693D642}"
EndProject
Project("{FAE04EC0-301F-11D3-BF4B-00C04F79EFBC}") = "WebScoketClient", "WebScoketClient\WebScoketClient.csproj", "{B8FCF87F-D9A2-4827-9930-1A93AE1DEBE8}"
EndProject
Project("{FAE04EC0-301F-11D3-BF4B-00C04F79EFBC}") = "WebSocketServer", "WebSocketServer\WebSocketServer.csproj", "{6920B1C6-3617-4871-9DF2-12052ABB315A}"
EndProject
Global
	GlobalSection(SolutionConfigurationPlatforms) = preSolution
		Debug|Any CPU = Debug|Any CPU
		Release|Any CPU = Release|Any CPU
	EndGlobalSection
	GlobalSection(ProjectConfigurationPlatforms) = postSolution
		{556A3B12-541C-4959-B587-6AF5A693D642}.Debug|Any CPU.ActiveCfg = Debug|Any CPU
		{556A3B12-541C-4959-B587-6AF5A693D642}.Debug|Any CPU.Build.0 = Debug|Any CPU
		{556A3B12-541C-4959-B587-6AF5A693D642}.Release|Any CPU.ActiveCfg = Release|Any CPU
		{556A3B12-541C-4959-B587-6AF5A693D642}.Release|Any CPU.Build.0 = Release|Any CPU
		{B8FCF87F-D9A2-4827-9930-1A93AE1DEBE8}.Debug|Any CPU.ActiveCfg = Debug|Any CPU
		{B8FCF87F-D9A2-4827-9930-1A93AE1DEBE8}.Debug|Any CPU.Build.0 = Debug|Any CPU
		{B8FCF87F-D9A2-4827-9930-1A93AE1DEBE8}.Release|Any CPU.ActiveCfg = Release|Any CPU
		{B8FCF87F-D9A2-4827-9930-1A93AE1DEBE8}.Release|Any CPU.Build.0 = Release|Any CPU
		{6920B1C6-3617-4871-9DF2-12052ABB315A}.Debug|Any CPU.ActiveCfg = Debug|Any CPU
		{6920B1C6-3617-4871-9DF2-12052ABB315A}.Debug|Any CPU.Build.0 = Debug|Any CPU
		{6920B1C6-3617-4871-9DF2-12052ABB315A}.Release|Any CPU.ActiveCfg = Release|Any CPU
		{6920B1C6-3617-4871-9DF2-12052ABB315A}.Release|Any CPU.Build.0 = Release|Any CPU
	EndGlobalSection
EndGlobal
